// !$*UTF8*$!
{
	archiveVersion = 1;
	classes = {
	};
	objectVersion = 50;
	objects = {

/* Begin PBXBuildFile section */
		DFCAE75524B3B6860062479F /* AppDelegate.swift in Sources */ = {isa = PBXBuildFile; fileRef = DFCAE75424B3B6860062479F /* AppDelegate.swift */; };
		DFCAE75724B3B6860062479F /* SceneDelegate.swift in Sources */ = {isa = PBXBuildFile; fileRef = DFCAE75624B3B6860062479F /* SceneDelegate.swift */; };
		DFCAE75A24B3B6860062479F /* bestPlayers.xcdatamodeld in Sources */ = {isa = PBXBuildFile; fileRef = DFCAE75824B3B6860062479F /* bestPlayers.xcdatamodeld */; };
		DFCAE75C24B3B6860062479F /* ContentView.swift in Sources */ = {isa = PBXBuildFile; fileRef = DFCAE75B24B3B6860062479F /* ContentView.swift */; };
		DFCAE75E24B3B6870062479F /* Assets.xcassets in Resources */ = {isa = PBXBuildFile; fileRef = DFCAE75D24B3B6870062479F /* Assets.xcassets */; };
		DFCAE76124B3B6870062479F /* Preview Assets.xcassets in Resources */ = {isa = PBXBuildFile; fileRef = DFCAE76024B3B6870062479F /* Preview Assets.xcassets */; };
		DFCAE76424B3B6870062479F /* LaunchScreen.storyboard in Resources */ = {isa = PBXBuildFile; fileRef = DFCAE76224B3B6870062479F /* LaunchScreen.storyboard */; };
/* End PBXBuildFile section */

/* Begin PBXFileReference section */
		DFCAE75124B3B6860062479F /* bestPlayers.app */ = {isa = PBXFileReference; explicitFileType = wrapper.application; includeInIndex = 0; path = bestPlayers.app; sourceTree = BUILT_PRODUCTS_DIR; };
		DFCAE75424B3B6860062479F /* AppDelegate.swift */ = {isa = PBXFileReference; lastKnownFileType = sourcecode.swift; path = AppDelegate.swift; sourceTree = "<group>"; };
		DFCAE75624B3B6860062479F /* SceneDelegate.swift */ = {isa = PBXFileReference; lastKnownFileType = sourcecode.swift; path = SceneDelegate.swift; sourceTree = "<group>"; };
		DFCAE75924B3B6860062479F /* bestPlayers.xcdatamodel */ = {isa = PBXFileReference; lastKnownFileType = wrapper.xcdatamodel; path = bestPlayers.xcdatamodel; sourceTree = "<group>"; };
		DFCAE75B24B3B6860062479F /* ContentView.swift */ = {isa = PBXFileReference; lastKnownFileType = sourcecode.swift; path = ContentView.swift; sourceTree = "<group>"; };
		DFCAE75D24B3B6870062479F /* Assets.xcassets */ = {isa = PBXFileReference; lastKnownFileType = folder.assetcatalog; path = Assets.xcassets; sourceTree = "<group>"; };
		DFCAE76024B3B6870062479F /* Preview Assets.xcassets */ = {isa = PBXFileReference; lastKnownFileType = folder.assetcatalog; path = "Preview Assets.xcassets"; sourceTree = "<group>"; };
		DFCAE76324B3B6870062479F /* Base */ = {isa = PBXFileReference; lastKnownFileType = file.storyboard; name = Base; path = Base.lproj/LaunchScreen.storyboard; sourceTree = "<group>"; };
		DFCAE76524B3B6870062479F /* Info.plist */ = {isa = PBXFileReference; lastKnownFileType = text.plist.xml; path = Info.plist; sourceTree = "<group>"; };
/* End PBXFileReference section */

/* Begin PBXFrameworksBuildPhase section */
		DFCAE74E24B3B6860062479F /* Frameworks */ = {
			isa = PBXFrameworksBuildPhase;
			buildActionMask = 2147483647;
			files = (
			);
			runOnlyForDeploymentPostprocessing = 0;
		};
/* End PBXFrameworksBuildPhase section */

/* Begin PBXGroup section */
		DFCAE74824B3B6860062479F = {
			isa = PBXGroup;
			children = (
				DFCAE75324B3B6860062479F /* bestPlayers */,
				DFCAE75224B3B6860062479F /* Products */,
			);
			sourceTree = "<group>";
		};
		DFCAE75224B3B6860062479F /* Products */ = {
			isa = PBXGroup;
			children = (
				DFCAE75124B3B6860062479F /* bestPlayers.app */,
			);
			name = Products;
			sourceTree = "<group>";
		};
		DFCAE75324B3B6860062479F /* bestPlayers */ = {
			isa = PBXGroup;
			children = (
				DFCAE75424B3B6860062479F /* AppDelegate.swift */,
				DFCAE75624B3B6860062479F /* SceneDelegate.swift */,
				DFCAE75B24B3B6860062479F /* ContentView.swift */,
				DFCAE75D24B3B6870062479F /* Assets.xcassets */,
				DFCAE76224B3B6870062479F /* LaunchScreen.storyboard */,
				DFCAE76524B3B6870062479F /* Info.plist */,
				DFCAE75824B3B6860062479F /* bestPlayers.xcdatamodeld */,
				DFCAE75F24B3B6870062479F /* Preview Content */,
			);
			path = bestPlayers;
			sourceTree = "<group>";
		};
		DFCAE75F24B3B6870062479F /* Preview Content */ = {
			isa = PBXGroup;
			children = (
				DFCAE76024B3B6870062479F /* Preview Assets.xcassets */,
			);
			path = "Preview Content";
			sourceTree = "<group>";
		};
/* End PBXGroup section */

/* Begin PBXNativeTarget section */
		DFCAE75024B3B6860062479F /* bestPlayers */ = {
			isa = PBXNativeTarget;
			buildConfigurationList = DFCAE76824B3B6870062479F /* Build configuration list for PBXNativeTarget "bestPlayers" */;
			buildPhases = (
				DFCAE74D24B3B6860062479F /* Sources */,
				DFCAE74E24B3B6860062479F /* Frameworks */,
				DFCAE74F24B3B6860062479F /* Resources */,
			);
			buildRules = (
			);
			dependencies = (
			);
			name = bestPlayers;
			productName = bestPlayers;
			productReference = DFCAE75124B3B6860062479F /* bestPlayers.app */;
			productType = "com.apple.product-type.application";
		};
/* End PBXNativeTarget section */

/* Begin PBXProject section */
		DFCAE74924B3B6860062479F /* Project object */ = {
			isa = PBXProject;
			attributes = {
				LastSwiftUpdateCheck = 1150;
				LastUpgradeCheck = 1150;
				ORGANIZATIONNAME = "Rafael Dias Gonçalves";
				TargetAttributes = {
					DFCAE75024B3B6860062479F = {
						CreatedOnToolsVersion = 11.5;
					};
				};
			};
			buildConfigurationList = DFCAE74C24B3B6860062479F /* Build configuration list for PBXProject "bestPlayers" */;
			compatibilityVersion = "Xcode 9.3";
			developmentRegion = en;
			hasScannedForEncodings = 0;
			knownRegions = (
				en,
				Base,
			);
			mainGroup = DFCAE74824B3B6860062479F;
			productRefGroup = DFCAE75224B3B6860062479F /* Products */;
			projectDirPath = "";
			projectRoot = "";
			targets = (
				DFCAE75024B3B6860062479F /* bestPlayers */,
			);
		};
/* End PBXProject section */

/* Begin PBXResourcesBuildPhase section */
		DFCAE74F24B3B6860062479F /* Resources */ = {
			isa = PBXResourcesBuildPhase;
			buildActionMask = 2147483647;
			files = (
				DFCAE76424B3B6870062479F /* LaunchScreen.storyboard in Resources */,
				DFCAE76124B3B6870062479F /* Preview Assets.xcassets in Resources */,
				DFCAE75E24B3B6870062479F /* Assets.xcassets in Resources */,
			);
			runOnlyForDeploymentPostprocessing = 0;
		};
/* End PBXResourcesBuildPhase section */

/* Begin PBXSourcesBuildPhase section */
		DFCAE74D24B3B6860062479F /* Sources */ = {
			isa = PBXSourcesBuildPhase;
			buildActionMask = 2147483647;
			files = (
				DFCAE75A24B3B6860062479F /* bestPlayers.xcdatamodeld in Sources */,
				DFCAE75524B3B6860062479F /* AppDelegate.swift in Sources */,
				DFCAE75C24B3B6860062479F /* ContentView.swift in Sources */,
				DFCAE75724B3B6860062479F /* SceneDelegate.swift in Sources */,
			);
			runOnlyForDeploymentPostprocessing = 0;
		};
/* End PBXSourcesBuildPhase section */

/* Begin PBXVariantGroup section */
		DFCAE76224B3B6870062479F /* LaunchScreen.storyboard */ = {
			isa = PBXVariantGroup;
			children = (
				DFCAE76324B3B6870062479F /* Base */,
			);
			name = LaunchScreen.storyboard;
			sourceTree = "<group>";
		};
/* End PBXVariantGroup section */

/* Begin XCBuildConfiguration section */
		DFCAE76624B3B6870062479F /* Debug */ = {
			isa = XCBuildConfiguration;
			buildSettings = {
				ALWAYS_SEARCH_USER_PATHS = NO;
				CLANG_ANALYZER_NONNULL = YES;
				CLANG_ANALYZER_NUMBER_OBJECT_CONVERSION = YES_AGGRESSIVE;
				CLANG_CXX_LANGUAGE_STANDARD = "gnu++14";
				CLANG_CXX_LIBRARY = "libc++";
				CLANG_ENABLE_MODULES = YES;
				CLANG_ENABLE_OBJC_ARC = YES;
				CLANG_ENABLE_OBJC_WEAK = YES;
				CLANG_WARN_BLOCK_CAPTURE_AUTORELEASING = YES;
				CLANG_WARN_BOOL_CONVERSION = YES;
				CLANG_WARN_COMMA = YES;
				CLANG_WARN_CONSTANT_CONVERSION = YES;
				CLANG_WARN_DEPRECATED_OBJC_IMPLEMENTATIONS = YES;
				CLANG_WARN_DIRECT_OBJC_ISA_USAGE = YES_ERROR;
				CLANG_WARN_DOCUMENTATION_COMMENTS = YES;
				CLANG_WARN_EMPTY_BODY = YES;
				CLANG_WARN_ENUM_CONVERSION = YES;
				CLANG_WARN_INFINITE_RECURSION = YES;
				CLANG_WARN_INT_CONVERSION = YES;
				CLANG_WARN_NON_LITERAL_NULL_CONVERSION = YES;
				CLANG_WARN_OBJC_IMPLICIT_RETAIN_SELF = YES;
				CLANG_WARN_OBJC_LITERAL_CONVERSION = YES;
				CLANG_WARN_OBJC_ROOT_CLASS = YES_ERROR;
				CLANG_WARN_RANGE_LOOP_ANALYSIS = YES;
				CLANG_WARN_STRICT_PROTOTYPES = YES;
				CLANG_WARN_SUSPICIOUS_MOVE = YES;
				CLANG_WARN_UNGUARDED_AVAILABILITY = YES_AGGRESSIVE;
				CLANG_WARN_UNREACHABLE_CODE = YES;
				CLANG_WARN__DUPLICATE_METHOD_MATCH = YES;
				COPY_PHASE_STRIP = NO;
				DEBUG_INFORMATION_FORMAT = dwarf;
				ENABLE_STRICT_OBJC_MSGSEND = YES;
				ENABLE_TESTABILITY = YES;
				GCC_C_LANGUAGE_STANDARD = gnu11;
				GCC_DYNAMIC_NO_PIC = NO;
				GCC_NO_COMMON_BLOCKS = YES;
				GCC_OPTIMIZATION_LEVEL = 0;
				GCC_PREPROCESSOR_DEFINITIONS = (
					"DEBUG=1",
					"$(inherited)",
				);
				GCC_WARN_64_TO_32_BIT_CONVERSION = YES;
				GCC_WARN_ABOUT_RETURN_TYPE = YES_ERROR;
				GCC_WARN_UNDECLARED_SELECTOR = YES;
				GCC_WARN_UNINITIALIZED_AUTOS = YES_AGGRESSIVE;
				GCC_WARN_UNUSED_FUNCTION = YES;
				GCC_WARN_UNUSED_VARIABLE = YES;
				IPHONEOS_DEPLOYMENT_TARGET = 13.5;
				MTL_ENABLE_DEBUG_INFO = INCLUDE_SOURCE;
				MTL_FAST_MATH = YES;
				ONLY_ACTIVE_ARCH = YES;
				SDKROOT = iphoneos;
				SWIFT_ACTIVE_COMPILATION_CONDITIONS = DEBUG;
				SWIFT_OPTIMIZATION_LEVEL = "-Onone";
			};
			name = Debug;
		};
		DFCAE76724B3B6870062479F /* Release */ = {
			isa = XCBuildConfiguration;
			buildSettings = {
				ALWAYS_SEARCH_USER_PATHS = NO;
				CLANG_ANALYZER_NONNULL = YES;
				CLANG_ANALYZER_NUMBER_OBJECT_CONVERSION = YES_AGGRESSIVE;
				CLANG_CXX_LANGUAGE_STANDARD = "gnu++14";
				CLANG_CXX_LIBRARY = "libc++";
				CLANG_ENABLE_MODULES = YES;
				CLANG_ENABLE_OBJC_ARC = YES;
				CLANG_ENABLE_OBJC_WEAK = YES;
				CLANG_WARN_BLOCK_CAPTURE_AUTORELEASING = YES;
				CLANG_WARN_BOOL_CONVERSION = YES;
				CLANG_WARN_COMMA = YES;
				CLANG_WARN_CONSTANT_CONVERSION = YES;
				CLANG_WARN_DEPRECATED_OBJC_IMPLEMENTATIONS = YES;
				CLANG_WARN_DIRECT_OBJC_ISA_USAGE = YES_ERROR;
				CLANG_WARN_DOCUMENTATION_COMMENTS = YES;
				CLANG_WARN_EMPTY_BODY = YES;
				CLANG_WARN_ENUM_CONVERSION = YES;
				CLANG_WARN_INFINITE_RECURSION = YES;
				CLANG_WARN_INT_CONVERSION = YES;
				CLANG_WARN_NON_LITERAL_NULL_CONVERSION = YES;
				CLANG_WARN_OBJC_IMPLICIT_RETAIN_SELF = YES;
				CLANG_WARN_OBJC_LITERAL_CONVERSION = YES;
				CLANG_WARN_OBJC_ROOT_CLASS = YES_ERROR;
				CLANG_WARN_RANGE_LOOP_ANALYSIS = YES;
				CLANG_WARN_STRICT_PROTOTYPES = YES;
				CLANG_WARN_SUSPICIOUS_MOVE = YES;
				CLANG_WARN_UNGUARDED_AVAILABILITY = YES_AGGRESSIVE;
				CLANG_WARN_UNREACHABLE_CODE = YES;
				CLANG_WARN__DUPLICATE_METHOD_MATCH = YES;
				COPY_PHASE_STRIP = NO;
				DEBUG_INFORMATION_FORMAT = "dwarf-with-dsym";
				ENABLE_NS_ASSERTIONS = NO;
				ENABLE_STRICT_OBJC_MSGSEND = YES;
				GCC_C_LANGUAGE_STANDARD = gnu11;
				GCC_NO_COMMON_BLOCKS = YES;
				GCC_WARN_64_TO_32_BIT_CONVERSION = YES;
				GCC_WARN_ABOUT_RETURN_TYPE = YES_ERROR;
				GCC_WARN_UNDECLARED_SELECTOR = YES;
				GCC_WARN_UNINITIALIZED_AUTOS = YES_AGGRESSIVE;
				GCC_WARN_UNUSED_FUNCTION = YES;
				GCC_WARN_UNUSED_VARIABLE = YES;
				IPHONEOS_DEPLOYMENT_TARGET = 13.5;
				MTL_ENABLE_DEBUG_INFO = NO;
				MTL_FAST_MATH = YES;
				SDKROOT = iphoneos;
				SWIFT_COMPILATION_MODE = wholemodule;
				SWIFT_OPTIMIZATION_LEVEL = "-O";
				VALIDATE_PRODUCT = YES;
			};
			name = Release;
		};
		DFCAE76924B3B6870062479F /* Debug */ = {
			isa = XCBuildConfiguration;
			buildSettings = {
				ASSETCATALOG_COMPILER_APPICON_NAME = AppIcon;
				CODE_SIGN_STYLE = Automatic;
				DEVELOPMENT_ASSET_PATHS = "\"bestPlayers/Preview Content\"";
				ENABLE_PREVIEWS = YES;
				INFOPLIST_FILE = bestPlayers/Info.plist;
				LD_RUNPATH_SEARCH_PATHS = (
					"$(inherited)",
					"@executable_path/Frameworks",
				);
				PRODUCT_BUNDLE_IDENTIFIER = "develoepr-academy.bestPlayers";
				PRODUCT_NAME = "$(TARGET_NAME)";
				SWIFT_VERSION = 5.0;
				TARGETED_DEVICE_FAMILY = "1,2";
			};
			name = Debug;
		};
		DFCAE76A24B3B6870062479F /* Release */ = {
			isa = XCBuildConfiguration;
			buildSettings = {
				ASSETCATALOG_COMPILER_APPICON_NAME = AppIcon;
				CODE_SIGN_STYLE = Automatic;
				DEVELOPMENT_ASSET_PATHS = "\"bestPlayers/Preview Content\"";
				ENABLE_PREVIEWS = YES;
				INFOPLIST_FILE = bestPlayers/Info.plist;
				LD_RUNPATH_SEARCH_PATHS = (
					"$(inherited)",
					"@executable_path/Frameworks",
				);
				PRODUCT_BUNDLE_IDENTIFIER = "develoepr-academy.bestPlayers";
				PRODUCT_NAME = "$(TARGET_NAME)";
				SWIFT_VERSION = 5.0;
				TARGETED_DEVICE_FAMILY = "1,2";
			};
			name = Release;
		};
/* End XCBuildConfiguration section */

/* Begin XCConfigurationList section */
		DFCAE74C24B3B6860062479F /* Build configuration list for PBXProject "bestPlayers" */ = {
			isa = XCConfigurationList;
			buildConfigurations = (
				DFCAE76624B3B6870062479F /* Debug */,
				DFCAE76724B3B6870062479F /* Release */,
			);
			defaultConfigurationIsVisible = 0;
			defaultConfigurationName = Release;
		};
		DFCAE76824B3B6870062479F /* Build configuration list for PBXNativeTarget "bestPlayers" */ = {
			isa = XCConfigurationList;
			buildConfigurations = (
				DFCAE76924B3B6870062479F /* Debug */,
				DFCAE76A24B3B6870062479F /* Release */,
			);
			defaultConfigurationIsVisible = 0;
			defaultConfigurationName = Release;
		};
/* End XCConfigurationList section */

/* Begin XCVersionGroup section */
		DFCAE75824B3B6860062479F /* bestPlayers.xcdatamodeld */ = {
			isa = XCVersionGroup;
			children = (
				DFCAE75924B3B6860062479F /* bestPlayers.xcdatamodel */,
			);
			currentVersion = DFCAE75924B3B6860062479F /* bestPlayers.xcdatamodel */;
			path = bestPlayers.xcdatamodeld;
			sourceTree = "<group>";
			versionGroupType = wrapper.xcdatamodel;
		};
/* End XCVersionGroup section */
	};
	rootObject = DFCAE74924B3B6860062479F /* Project object */;
}
